
Microsoft Visual Studio Solution File, Format Version 12.00
# Visual Studio Version 17
VisualStudioVersion = 17.0.31919.166
MinimumVisualStudioVersion = 10.0.40219.1
Project("{9A19103F-16F7-4668-BE54-9A1E7A4F7556}") = "ReactionsServiceApi", "ReactionsServiceApi\ReactionsServiceApi.csproj", "{9BF91066-FFA4-4CA4-8B8E-3FA660325816}"
EndProject
Project("{9A19103F-16F7-4668-BE54-9A1E7A4F7556}") = "ConsequenceServiceApi", "ConsequenceServiceApi\ConsequenceServiceApi.csproj", "{75DD5BE1-B949-49B1-A68B-964CCAEA78D7}"
EndProject
Project("{FAE04EC0-301F-11D3-BF4B-00C04F79EFBC}") = "MoodServiceApi", "MoodServiceApi\MoodServiceApi.csproj", "{37DF35A5-1CEA-4746-AE3C-5368C0AC1DE4}"
EndProject
Project("{FAE04EC0-301F-11D3-BF4B-00C04F79EFBC}") = "GalactusBlazorUI", "GalactusBlazorUI\GalactusBlazorUI.csproj", "{9BF4D292-719C-4226-965A-8E6ECDBD08FB}"
EndProject
Global
	GlobalSection(SolutionConfigurationPlatforms) = preSolution
		Debug|Any CPU = Debug|Any CPU
		Release|Any CPU = Release|Any CPU
	EndGlobalSection
	GlobalSection(ProjectConfigurationPlatforms) = postSolution
		{9BF91066-FFA4-4CA4-8B8E-3FA660325816}.Debug|Any CPU.ActiveCfg = Debug|Any CPU
		{9BF91066-FFA4-4CA4-8B8E-3FA660325816}.Debug|Any CPU.Build.0 = Debug|Any CPU
		{9BF91066-FFA4-4CA4-8B8E-3FA660325816}.Release|Any CPU.ActiveCfg = Release|Any CPU
		{9BF91066-FFA4-4CA4-8B8E-3FA660325816}.Release|Any CPU.Build.0 = Release|Any CPU
		{75DD5BE1-B949-49B1-A68B-964CCAEA78D7}.Debug|Any CPU.ActiveCfg = Debug|Any CPU
		{75DD5BE1-B949-49B1-A68B-964CCAEA78D7}.Debug|Any CPU.Build.0 = Debug|Any CPU
		{75DD5BE1-B949-49B1-A68B-964CCAEA78D7}.Release|Any CPU.ActiveCfg = Release|Any CPU
		{75DD5BE1-B949-49B1-A68B-964CCAEA78D7}.Release|Any CPU.Build.0 = Release|Any CPU
		{37DF35A5-1CEA-4746-AE3C-5368C0AC1DE4}.Debug|Any CPU.ActiveCfg = Debug|Any CPU
		{37DF35A5-1CEA-4746-AE3C-5368C0AC1DE4}.Debug|Any CPU.Build.0 = Debug|Any CPU
		{37DF35A5-1CEA-4746-AE3C-5368C0AC1DE4}.Release|Any CPU.ActiveCfg = Release|Any CPU
		{37DF35A5-1CEA-4746-AE3C-5368C0AC1DE4}.Release|Any CPU.Build.0 = Release|Any CPU
		{9BF4D292-719C-4226-965A-8E6ECDBD08FB}.Debug|Any CPU.ActiveCfg = Debug|Any CPU
		{9BF4D292-719C-4226-965A-8E6ECDBD08FB}.Debug|Any CPU.Build.0 = Debug|Any CPU
		{9BF4D292-719C-4226-965A-8E6ECDBD08FB}.Release|Any CPU.ActiveCfg = Release|Any CPU
		{9BF4D292-719C-4226-965A-8E6ECDBD08FB}.Release|Any CPU.Build.0 = Release|Any CPU
	EndGlobalSection
	GlobalSection(SolutionProperties) = preSolution
		HideSolutionNode = FALSE
	EndGlobalSection
	GlobalSection(ExtensibilityGlobals) = postSolution
		SolutionGuid = {406E7676-F32A-457B-8BC3-ACFC738753C3}
	EndGlobalSection
EndGlobal
